
Microsoft Visual Studio Solution File, Format Version 12.00
# Visual Studio Version 17
VisualStudioVersion = 17.6.33829.357
MinimumVisualStudioVersion = 10.0.40219.1
Project("{888888A0-9F3D-457C-B088-3A5042F75D52}") = "T4_1_hw", "T4_1_hw.pyproj", "{68CD4647-AEA3-47AD-85C4-91700139C7CB}"
EndProject
Global
	GlobalSection(SolutionConfigurationPlatforms) = preSolution
		Debug|Any CPU = Debug|Any CPU
		Release|Any CPU = Release|Any CPU
	EndGlobalSection
	GlobalSection(ProjectConfigurationPlatforms) = postSolution
		{68CD4647-AEA3-47AD-85C4-91700139C7CB}.Debug|Any CPU.ActiveCfg = Debug|Any CPU
		{68CD4647-AEA3-47AD-85C4-91700139C7CB}.Release|Any CPU.ActiveCfg = Release|Any CPU
	EndGlobalSection
	GlobalSection(SolutionProperties) = preSolution
		HideSolutionNode = FALSE
	EndGlobalSection
	GlobalSection(ExtensibilityGlobals) = postSolution
		SolutionGuid = {A9C11D92-86F9-46DD-8102-D9603B39CD28}
	EndGlobalSection
EndGlobal
